account-financial-tools 92707c2f31b4fb3c39c81149fd10bc3f4af828fa *
account-payment 5804fc18b27498854b53a8c80c2c749ebaeed250 *
commission 74fcdc06111c6271faf12fb3c2e692da076271c2 *
product-attribute 1c2d5e52b1d85dcdcd02b347f9f701b1684b63fd *
reporting-engine b9e8c6cdd2d106614eddaf81bd78f487ae35db45 *
server-ux f2485eef1437b7fd57e3d44a61537420bbf1b281 *
stock-logistics-warehouse 6ffc64b40221addb71573c186fb6171b586e6365 *
web b405af9c04a04d74b1e34bdf827fe4033a28899a *
partner-contact b22f62266ad1bf80192bd046293a3f3c27a73625 *
multi-company d6b6a9c205fa3b3e50c6b9893b17ba0a62aa9f3b *
server-tools ff085d56f10e5d1dc68ef85482eb3fc34a5b62d2 *
stock-logistics-workflow 19ab68ecb0cc0657dbef9646a9e8eb2e48af4815 *
account-financial-reporting b26d1233d3d24536e51dddef416939a6cbf9a1fc *
