account-financial-reporting 1dad903c9c7242ac539c6307216464eacf8f42ce *
account-financial-tools 92707c2f31b4fb3c39c81149fd10bc3f4af828fa *
account-payment 5804fc18b27498854b53a8c80c2c749ebaeed250 *
commission 74fcdc06111c6271faf12fb3c2e692da076271c2 *
multi-company 3b39c33f0c62c9ef208d30414a638adc08b54695 *
product-attribute 1c2d5e52b1d85dcdcd02b347f9f701b1684b63fd *
reporting-engine b9e8c6cdd2d106614eddaf81bd78f487ae35db45 *
server-tools 2e6174b710306444e04d23f2080b1c499804c3b7 *
server-ux f2485eef1437b7fd57e3d44a61537420bbf1b281 *
stock-logistics-warehouse 6ffc64b40221addb71573c186fb6171b586e6365 *
web b405af9c04a04d74b1e34bdf827fe4033a28899a *
partner-contact b22f62266ad1bf80192bd046293a3f3c27a73625 *
stock-logistics-workflow 05a05a6af2a3a01b70cc3ed98f14dc9d5591ce1d *
