account-payment 5804fc18b27498854b53a8c80c2c749ebaeed250 *
commission 74fcdc06111c6271faf12fb3c2e692da076271c2 *
product-attribute 1c2d5e52b1d85dcdcd02b347f9f701b1684b63fd *
reporting-engine b9e8c6cdd2d106614eddaf81bd78f487ae35db45 *
server-ux f2485eef1437b7fd57e3d44a61537420bbf1b281 *
partner-contact b22f62266ad1bf80192bd046293a3f3c27a73625 *
multi-company d6b6a9c205fa3b3e50c6b9893b17ba0a62aa9f3b *
server-tools ff085d56f10e5d1dc68ef85482eb3fc34a5b62d2 *
stock-logistics-workflow 19ab68ecb0cc0657dbef9646a9e8eb2e48af4815 *
stock-logistics-warehouse 1df9ed8528a67ca6ea0bd75516d6505783c027e3 *
account-financial-tools 31133bf90cbb832a6dc7c296b61c8ec47a49b9a9 *
web d885629a473f699a0715517b49247524fabf7036 *
account-financial-reporting 232a773b3ee36980e28acf4a5ae1f1bbcb3a001d *
